// !$*UTF8*$!
{
	archiveVersion = 1;
	classes = {
	};
	objectVersion = 48;
	objects = {

/* Begin PBXBuildFile section */
		C822392C1FF90CB30021BEDF /* AppDelegate.swift in Sources */ = {isa = PBXBuildFile; fileRef = C822392B1FF90CB30021BEDF /* AppDelegate.swift */; };
		C822392E1FF90CB30021BEDF /* ViewController.swift in Sources */ = {isa = PBXBuildFile; fileRef = C822392D1FF90CB30021BEDF /* ViewController.swift */; };
		C82239301FF90CB30021BEDF /* Assets.xcassets in Resources */ = {isa = PBXBuildFile; fileRef = C822392F1FF90CB30021BEDF /* Assets.xcassets */; };
		C82239331FF90CB30021BEDF /* Main.storyboard in Resources */ = {isa = PBXBuildFile; fileRef = C82239311FF90CB30021BEDF /* Main.storyboard */; };
		C822393F1FF90CB30021BEDF /* clairvoyantTests.swift in Sources */ = {isa = PBXBuildFile; fileRef = C822393E1FF90CB30021BEDF /* clairvoyantTests.swift */; };
/* End PBXBuildFile section */

/* Begin PBXContainerItemProxy section */
		C822393B1FF90CB30021BEDF /* PBXContainerItemProxy */ = {
			isa = PBXContainerItemProxy;
			containerPortal = C82239201FF90CB30021BEDF /* Project object */;
			proxyType = 1;
			remoteGlobalIDString = C82239271FF90CB30021BEDF;
			remoteInfo = clairvoyant;
		};
/* End PBXContainerItemProxy section */

/* Begin PBXFileReference section */
		C82239281FF90CB30021BEDF /* clairvoyant.app */ = {isa = PBXFileReference; explicitFileType = wrapper.application; includeInIndex = 0; path = clairvoyant.app; sourceTree = BUILT_PRODUCTS_DIR; };
		C822392B1FF90CB30021BEDF /* AppDelegate.swift */ = {isa = PBXFileReference; lastKnownFileType = sourcecode.swift; path = AppDelegate.swift; sourceTree = "<group>"; };
		C822392D1FF90CB30021BEDF /* ViewController.swift */ = {isa = PBXFileReference; lastKnownFileType = sourcecode.swift; path = ViewController.swift; sourceTree = "<group>"; };
		C822392F1FF90CB30021BEDF /* Assets.xcassets */ = {isa = PBXFileReference; lastKnownFileType = folder.assetcatalog; path = Assets.xcassets; sourceTree = "<group>"; };
		C82239321FF90CB30021BEDF /* Base */ = {isa = PBXFileReference; lastKnownFileType = file.storyboard; name = Base; path = Base.lproj/Main.storyboard; sourceTree = "<group>"; };
		C82239341FF90CB30021BEDF /* Info.plist */ = {isa = PBXFileReference; lastKnownFileType = text.plist.xml; path = Info.plist; sourceTree = "<group>"; };
		C82239351FF90CB30021BEDF /* clairvoyant.entitlements */ = {isa = PBXFileReference; lastKnownFileType = text.plist.entitlements; path = clairvoyant.entitlements; sourceTree = "<group>"; };
		C822393A1FF90CB30021BEDF /* clairvoyantTests.xctest */ = {isa = PBXFileReference; explicitFileType = wrapper.cfbundle; includeInIndex = 0; path = clairvoyantTests.xctest; sourceTree = BUILT_PRODUCTS_DIR; };
		C822393E1FF90CB30021BEDF /* clairvoyantTests.swift */ = {isa = PBXFileReference; lastKnownFileType = sourcecode.swift; path = clairvoyantTests.swift; sourceTree = "<group>"; };
		C82239401FF90CB30021BEDF /* Info.plist */ = {isa = PBXFileReference; lastKnownFileType = text.plist.xml; path = Info.plist; sourceTree = "<group>"; };
/* End PBXFileReference section */

/* Begin PBXFrameworksBuildPhase section */
		C82239251FF90CB30021BEDF /* Frameworks */ = {
			isa = PBXFrameworksBuildPhase;
			buildActionMask = 2147483647;
			files = (
			);
			runOnlyForDeploymentPostprocessing = 0;
		};
		C82239371FF90CB30021BEDF /* Frameworks */ = {
			isa = PBXFrameworksBuildPhase;
			buildActionMask = 2147483647;
			files = (
			);
			runOnlyForDeploymentPostprocessing = 0;
		};
/* End PBXFrameworksBuildPhase section */

/* Begin PBXGroup section */
		C822391F1FF90CB30021BEDF = {
			isa = PBXGroup;
			children = (
				C822392A1FF90CB30021BEDF /* clairvoyant */,
				C822393D1FF90CB30021BEDF /* clairvoyantTests */,
				C82239291FF90CB30021BEDF /* Products */,
			);
			sourceTree = "<group>";
		};
		C82239291FF90CB30021BEDF /* Products */ = {
			isa = PBXGroup;
			children = (
				C82239281FF90CB30021BEDF /* clairvoyant.app */,
				C822393A1FF90CB30021BEDF /* clairvoyantTests.xctest */,
			);
			name = Products;
			sourceTree = "<group>";
		};
		C822392A1FF90CB30021BEDF /* clairvoyant */ = {
			isa = PBXGroup;
			children = (
				C822392B1FF90CB30021BEDF /* AppDelegate.swift */,
				C822392D1FF90CB30021BEDF /* ViewController.swift */,
				C822392F1FF90CB30021BEDF /* Assets.xcassets */,
				C82239311FF90CB30021BEDF /* Main.storyboard */,
				C82239341FF90CB30021BEDF /* Info.plist */,
				C82239351FF90CB30021BEDF /* clairvoyant.entitlements */,
			);
			path = clairvoyant;
			sourceTree = "<group>";
		};
		C822393D1FF90CB30021BEDF /* clairvoyantTests */ = {
			isa = PBXGroup;
			children = (
				C822393E1FF90CB30021BEDF /* clairvoyantTests.swift */,
				C82239401FF90CB30021BEDF /* Info.plist */,
			);
			path = clairvoyantTests;
			sourceTree = "<group>";
		};
/* End PBXGroup section */

/* Begin PBXNativeTarget section */
		C82239271FF90CB30021BEDF /* clairvoyant */ = {
			isa = PBXNativeTarget;
			buildConfigurationList = C82239431FF90CB30021BEDF /* Build configuration list for PBXNativeTarget "clairvoyant" */;
			buildPhases = (
				C82239241FF90CB30021BEDF /* Sources */,
				C82239251FF90CB30021BEDF /* Frameworks */,
				C82239261FF90CB30021BEDF /* Resources */,
			);
			buildRules = (
			);
			dependencies = (
			);
			name = clairvoyant;
			productName = clairvoyant;
			productReference = C82239281FF90CB30021BEDF /* clairvoyant.app */;
			productType = "com.apple.product-type.application";
		};
		C82239391FF90CB30021BEDF /* clairvoyantTests */ = {
			isa = PBXNativeTarget;
			buildConfigurationList = C82239461FF90CB30021BEDF /* Build configuration list for PBXNativeTarget "clairvoyantTests" */;
			buildPhases = (
				C82239361FF90CB30021BEDF /* Sources */,
				C82239371FF90CB30021BEDF /* Frameworks */,
				C82239381FF90CB30021BEDF /* Resources */,
			);
			buildRules = (
			);
			dependencies = (
				C822393C1FF90CB30021BEDF /* PBXTargetDependency */,
			);
			name = clairvoyantTests;
			productName = clairvoyantTests;
			productReference = C822393A1FF90CB30021BEDF /* clairvoyantTests.xctest */;
			productType = "com.apple.product-type.bundle.unit-test";
		};
/* End PBXNativeTarget section */

/* Begin PBXProject section */
		C82239201FF90CB30021BEDF /* Project object */ = {
			isa = PBXProject;
			attributes = {
				LastSwiftUpdateCheck = 0920;
				LastUpgradeCheck = 0920;
				ORGANIZATIONNAME = "Joseph Sungpil Choi";
				TargetAttributes = {
					C82239271FF90CB30021BEDF = {
						CreatedOnToolsVersion = 9.2;
						ProvisioningStyle = Automatic;
						SystemCapabilities = {
							com.apple.Sandbox = {
								enabled = 1;
							};
						};
					};
					C82239391FF90CB30021BEDF = {
						CreatedOnToolsVersion = 9.2;
						ProvisioningStyle = Automatic;
						TestTargetID = C82239271FF90CB30021BEDF;
					};
				};
			};
			buildConfigurationList = C82239231FF90CB30021BEDF /* Build configuration list for PBXProject "clairvoyant" */;
			compatibilityVersion = "Xcode 8.0";
			developmentRegion = en;
			hasScannedForEncodings = 0;
			knownRegions = (
				en,
				Base,
			);
			mainGroup = C822391F1FF90CB30021BEDF;
			productRefGroup = C82239291FF90CB30021BEDF /* Products */;
			projectDirPath = "";
			projectRoot = "";
			targets = (
				C82239271FF90CB30021BEDF /* clairvoyant */,
				C82239391FF90CB30021BEDF /* clairvoyantTests */,
			);
		};
/* End PBXProject section */

/* Begin PBXResourcesBuildPhase section */
		C82239261FF90CB30021BEDF /* Resources */ = {
			isa = PBXResourcesBuildPhase;
			buildActionMask = 2147483647;
			files = (
				C82239301FF90CB30021BEDF /* Assets.xcassets in Resources */,
				C82239331FF90CB30021BEDF /* Main.storyboard in Resources */,
			);
			runOnlyForDeploymentPostprocessing = 0;
		};
		C82239381FF90CB30021BEDF /* Resources */ = {
			isa = PBXResourcesBuildPhase;
			buildActionMask = 2147483647;
			files = (
			);
			runOnlyForDeploymentPostprocessing = 0;
		};
/* End PBXResourcesBuildPhase section */

/* Begin PBXSourcesBuildPhase section */
		C82239241FF90CB30021BEDF /* Sources */ = {
			isa = PBXSourcesBuildPhase;
			buildActionMask = 2147483647;
			files = (
				C822392E1FF90CB30021BEDF /* ViewController.swift in Sources */,
				C822392C1FF90CB30021BEDF /* AppDelegate.swift in Sources */,
			);
			runOnlyForDeploymentPostprocessing = 0;
		};
		C82239361FF90CB30021BEDF /* Sources */ = {
			isa = PBXSourcesBuildPhase;
			buildActionMask = 2147483647;
			files = (
				C822393F1FF90CB30021BEDF /* clairvoyantTests.swift in Sources */,
			);
			runOnlyForDeploymentPostprocessing = 0;
		};
/* End PBXSourcesBuildPhase section */

/* Begin PBXTargetDependency section */
		C822393C1FF90CB30021BEDF /* PBXTargetDependency */ = {
			isa = PBXTargetDependency;
			target = C82239271FF90CB30021BEDF /* clairvoyant */;
			targetProxy = C822393B1FF90CB30021BEDF /* PBXContainerItemProxy */;
		};
/* End PBXTargetDependency section */

/* Begin PBXVariantGroup section */
		C82239311FF90CB30021BEDF /* Main.storyboard */ = {
			isa = PBXVariantGroup;
			children = (
				C82239321FF90CB30021BEDF /* Base */,
			);
			name = Main.storyboard;
			sourceTree = "<group>";
		};
/* End PBXVariantGroup section */

/* Begin XCBuildConfiguration section */
		C82239411FF90CB30021BEDF /* Debug */ = {
			isa = XCBuildConfiguration;
			buildSettings = {
				ALWAYS_SEARCH_USER_PATHS = NO;
				CLANG_ANALYZER_NONNULL = YES;
				CLANG_ANALYZER_NUMBER_OBJECT_CONVERSION = YES_AGGRESSIVE;
				CLANG_CXX_LANGUAGE_STANDARD = "gnu++14";
				CLANG_CXX_LIBRARY = "libc++";
				CLANG_ENABLE_MODULES = YES;
				CLANG_ENABLE_OBJC_ARC = YES;
				CLANG_WARN_BLOCK_CAPTURE_AUTORELEASING = YES;
				CLANG_WARN_BOOL_CONVERSION = YES;
				CLANG_WARN_COMMA = YES;
				CLANG_WARN_CONSTANT_CONVERSION = YES;
				CLANG_WARN_DIRECT_OBJC_ISA_USAGE = YES_ERROR;
				CLANG_WARN_DOCUMENTATION_COMMENTS = YES;
				CLANG_WARN_EMPTY_BODY = YES;
				CLANG_WARN_ENUM_CONVERSION = YES;
				CLANG_WARN_INFINITE_RECURSION = YES;
				CLANG_WARN_INT_CONVERSION = YES;
				CLANG_WARN_NON_LITERAL_NULL_CONVERSION = YES;
				CLANG_WARN_OBJC_LITERAL_CONVERSION = YES;
				CLANG_WARN_OBJC_ROOT_CLASS = YES_ERROR;
				CLANG_WARN_RANGE_LOOP_ANALYSIS = YES;
				CLANG_WARN_STRICT_PROTOTYPES = YES;
				CLANG_WARN_SUSPICIOUS_MOVE = YES;
				CLANG_WARN_UNGUARDED_AVAILABILITY = YES_AGGRESSIVE;
				CLANG_WARN_UNREACHABLE_CODE = YES;
				CLANG_WARN__DUPLICATE_METHOD_MATCH = YES;
				CODE_SIGN_IDENTITY = "-";
				COPY_PHASE_STRIP = NO;
				DEBUG_INFORMATION_FORMAT = dwarf;
				ENABLE_STRICT_OBJC_MSGSEND = YES;
				ENABLE_TESTABILITY = YES;
				GCC_C_LANGUAGE_STANDARD = gnu11;
				GCC_DYNAMIC_NO_PIC = NO;
				GCC_NO_COMMON_BLOCKS = YES;
				GCC_OPTIMIZATION_LEVEL = 0;
				GCC_PREPROCESSOR_DEFINITIONS = (
					"DEBUG=1",
					"$(inherited)",
				);
				GCC_WARN_64_TO_32_BIT_CONVERSION = YES;
				GCC_WARN_ABOUT_RETURN_TYPE = YES_ERROR;
				GCC_WARN_UNDECLARED_SELECTOR = YES;
				GCC_WARN_UNINITIALIZED_AUTOS = YES_AGGRESSIVE;
				GCC_WARN_UNUSED_FUNCTION = YES;
				GCC_WARN_UNUSED_VARIABLE = YES;
				MACOSX_DEPLOYMENT_TARGET = 10.13;
				MTL_ENABLE_DEBUG_INFO = YES;
				ONLY_ACTIVE_ARCH = YES;
				SDKROOT = macosx;
				SWIFT_ACTIVE_COMPILATION_CONDITIONS = DEBUG;
				SWIFT_OPTIMIZATION_LEVEL = "-Onone";
			};
			name = Debug;
		};
		C82239421FF90CB30021BEDF /* Release */ = {
			isa = XCBuildConfiguration;
			buildSettings = {
				ALWAYS_SEARCH_USER_PATHS = NO;
				CLANG_ANALYZER_NONNULL = YES;
				CLANG_ANALYZER_NUMBER_OBJECT_CONVERSION = YES_AGGRESSIVE;
				CLANG_CXX_LANGUAGE_STANDARD = "gnu++14";
				CLANG_CXX_LIBRARY = "libc++";
				CLANG_ENABLE_MODULES = YES;
				CLANG_ENABLE_OBJC_ARC = YES;
				CLANG_WARN_BLOCK_CAPTURE_AUTORELEASING = YES;
				CLANG_WARN_BOOL_CONVERSION = YES;
				CLANG_WARN_COMMA = YES;
				CLANG_WARN_CONSTANT_CONVERSION = YES;
				CLANG_WARN_DIRECT_OBJC_ISA_USAGE = YES_ERROR;
				CLANG_WARN_DOCUMENTATION_COMMENTS = YES;
				CLANG_WARN_EMPTY_BODY = YES;
				CLANG_WARN_ENUM_CONVERSION = YES;
				CLANG_WARN_INFINITE_RECURSION = YES;
				CLANG_WARN_INT_CONVERSION = YES;
				CLANG_WARN_NON_LITERAL_NULL_CONVERSION = YES;
				CLANG_WARN_OBJC_LITERAL_CONVERSION = YES;
				CLANG_WARN_OBJC_ROOT_CLASS = YES_ERROR;
				CLANG_WARN_RANGE_LOOP_ANALYSIS = YES;
				CLANG_WARN_STRICT_PROTOTYPES = YES;
				CLANG_WARN_SUSPICIOUS_MOVE = YES;
				CLANG_WARN_UNGUARDED_AVAILABILITY = YES_AGGRESSIVE;
				CLANG_WARN_UNREACHABLE_CODE = YES;
				CLANG_WARN__DUPLICATE_METHOD_MATCH = YES;
				CODE_SIGN_IDENTITY = "-";
				COPY_PHASE_STRIP = NO;
				DEBUG_INFORMATION_FORMAT = "dwarf-with-dsym";
				ENABLE_NS_ASSERTIONS = NO;
				ENABLE_STRICT_OBJC_MSGSEND = YES;
				GCC_C_LANGUAGE_STANDARD = gnu11;
				GCC_NO_COMMON_BLOCKS = YES;
				GCC_WARN_64_TO_32_BIT_CONVERSION = YES;
				GCC_WARN_ABOUT_RETURN_TYPE = YES_ERROR;
				GCC_WARN_UNDECLARED_SELECTOR = YES;
				GCC_WARN_UNINITIALIZED_AUTOS = YES_AGGRESSIVE;
				GCC_WARN_UNUSED_FUNCTION = YES;
				GCC_WARN_UNUSED_VARIABLE = YES;
				MACOSX_DEPLOYMENT_TARGET = 10.13;
				MTL_ENABLE_DEBUG_INFO = NO;
				SDKROOT = macosx;
				SWIFT_OPTIMIZATION_LEVEL = "-Owholemodule";
			};
			name = Release;
		};
		C82239441FF90CB30021BEDF /* Debug */ = {
			isa = XCBuildConfiguration;
			buildSettings = {
				ASSETCATALOG_COMPILER_APPICON_NAME = AppIcon;
				CODE_SIGN_ENTITLEMENTS = clairvoyant/clairvoyant.entitlements;
				CODE_SIGN_STYLE = Automatic;
				COMBINE_HIDPI_IMAGES = YES;
				INFOPLIST_FILE = clairvoyant/Info.plist;
				LD_RUNPATH_SEARCH_PATHS = "$(inherited) @executable_path/../Frameworks";
				PRODUCT_BUNDLE_IDENTIFIER = com.jochoi.clairvoyant;
				PRODUCT_NAME = "$(TARGET_NAME)";
				SWIFT_VERSION = 4.0;
			};
			name = Debug;
		};
		C82239451FF90CB30021BEDF /* Release */ = {
			isa = XCBuildConfiguration;
			buildSettings = {
				ASSETCATALOG_COMPILER_APPICON_NAME = AppIcon;
				CODE_SIGN_ENTITLEMENTS = clairvoyant/clairvoyant.entitlements;
				CODE_SIGN_STYLE = Automatic;
				COMBINE_HIDPI_IMAGES = YES;
				INFOPLIST_FILE = clairvoyant/Info.plist;
				LD_RUNPATH_SEARCH_PATHS = "$(inherited) @executable_path/../Frameworks";
				PRODUCT_BUNDLE_IDENTIFIER = com.jochoi.clairvoyant;
				PRODUCT_NAME = "$(TARGET_NAME)";
				SWIFT_VERSION = 4.0;
			};
			name = Release;
		};
		C82239471FF90CB30021BEDF /* Debug */ = {
			isa = XCBuildConfiguration;
			buildSettings = {
				ALWAYS_EMBED_SWIFT_STANDARD_LIBRARIES = YES;
				BUNDLE_LOADER = "$(TEST_HOST)";
				CODE_SIGN_STYLE = Automatic;
				COMBINE_HIDPI_IMAGES = YES;
				INFOPLIST_FILE = clairvoyantTests/Info.plist;
				LD_RUNPATH_SEARCH_PATHS = "$(inherited) @executable_path/../Frameworks @loader_path/../Frameworks";
				PRODUCT_BUNDLE_IDENTIFIER = com.jochoi.clairvoyantTests;
				PRODUCT_NAME = "$(TARGET_NAME)";
				SWIFT_VERSION = 4.0;
				TEST_HOST = "$(BUILT_PRODUCTS_DIR)/clairvoyant.app/Contents/MacOS/clairvoyant";
			};
			name = Debug;
		};
		C82239481FF90CB30021BEDF /* Release */ = {
			isa = XCBuildConfiguration;
			buildSettings = {
				ALWAYS_EMBED_SWIFT_STANDARD_LIBRARIES = YES;
				BUNDLE_LOADER = "$(TEST_HOST)";
				CODE_SIGN_STYLE = Automatic;
				COMBINE_HIDPI_IMAGES = YES;
				INFOPLIST_FILE = clairvoyantTests/Info.plist;
				LD_RUNPATH_SEARCH_PATHS = "$(inherited) @executable_path/../Frameworks @loader_path/../Frameworks";
				PRODUCT_BUNDLE_IDENTIFIER = com.jochoi.clairvoyantTests;
				PRODUCT_NAME = "$(TARGET_NAME)";
				SWIFT_VERSION = 4.0;
				TEST_HOST = "$(BUILT_PRODUCTS_DIR)/clairvoyant.app/Contents/MacOS/clairvoyant";
			};
			name = Release;
		};
/* End XCBuildConfiguration section */

/* Begin XCConfigurationList section */
		C82239231FF90CB30021BEDF /* Build configuration list for PBXProject "clairvoyant" */ = {
			isa = XCConfigurationList;
			buildConfigurations = (
				C82239411FF90CB30021BEDF /* Debug */,
				C82239421FF90CB30021BEDF /* Release */,
			);
			defaultConfigurationIsVisible = 0;
			defaultConfigurationName = Release;
		};
		C82239431FF90CB30021BEDF /* Build configuration list for PBXNativeTarget "clairvoyant" */ = {
			isa = XCConfigurationList;
			buildConfigurations = (
				C82239441FF90CB30021BEDF /* Debug */,
				C82239451FF90CB30021BEDF /* Release */,
			);
			defaultConfigurationIsVisible = 0;
			defaultConfigurationName = Release;
		};
		C82239461FF90CB30021BEDF /* Build configuration list for PBXNativeTarget "clairvoyantTests" */ = {
			isa = XCConfigurationList;
			buildConfigurations = (
				C82239471FF90CB30021BEDF /* Debug */,
				C82239481FF90CB30021BEDF /* Release */,
			);
			defaultConfigurationIsVisible = 0;
			defaultConfigurationName = Release;
		};
/* End XCConfigurationList section */
	};
	rootObject = C82239201FF90CB30021BEDF /* Project object */;
}
